
Microsoft Visual Studio Solution File, Format Version 12.00
# Visual Studio Version 17
VisualStudioVersion = 17.0.31903.59
MinimumVisualStudioVersion = 10.0.40219.1
Project("{FAE04EC0-301F-11D3-BF4B-00C04F79EFBC}") = "BranaOS.Opus.UseCases.DefaultPipelines", "BranaOS.Opus.UseCases.DefaultPipelines.csproj", "{C7D5496D-83BC-4FAA-9639-A7D2FEC3B8FC}"
EndProject
Global
	GlobalSection(SolutionConfigurationPlatforms) = preSolution
		Debug|Any CPU = Debug|Any CPU
		Debug|x64 = Debug|x64
		Debug|x86 = Debug|x86
		Release|Any CPU = Release|Any CPU
		Release|x64 = Release|x64
		Release|x86 = Release|x86
	EndGlobalSection
	GlobalSection(ProjectConfigurationPlatforms) = postSolution
		{C7D5496D-83BC-4FAA-9639-A7D2FEC3B8FC}.Debug|Any CPU.ActiveCfg = Debug|Any CPU
		{C7D5496D-83BC-4FAA-9639-A7D2FEC3B8FC}.Debug|Any CPU.Build.0 = Debug|Any CPU
		{C7D5496D-83BC-4FAA-9639-A7D2FEC3B8FC}.Debug|x64.ActiveCfg = Debug|Any CPU
		{C7D5496D-83BC-4FAA-9639-A7D2FEC3B8FC}.Debug|x64.Build.0 = Debug|Any CPU
		{C7D5496D-83BC-4FAA-9639-A7D2FEC3B8FC}.Debug|x86.ActiveCfg = Debug|Any CPU
		{C7D5496D-83BC-4FAA-9639-A7D2FEC3B8FC}.Debug|x86.Build.0 = Debug|Any CPU
		{C7D5496D-83BC-4FAA-9639-A7D2FEC3B8FC}.Release|Any CPU.ActiveCfg = Release|Any CPU
		{C7D5496D-83BC-4FAA-9639-A7D2FEC3B8FC}.Release|Any CPU.Build.0 = Release|Any CPU
		{C7D5496D-83BC-4FAA-9639-A7D2FEC3B8FC}.Release|x64.ActiveCfg = Release|Any CPU
		{C7D5496D-83BC-4FAA-9639-A7D2FEC3B8FC}.Release|x64.Build.0 = Release|Any CPU
		{C7D5496D-83BC-4FAA-9639-A7D2FEC3B8FC}.Release|x86.ActiveCfg = Release|Any CPU
		{C7D5496D-83BC-4FAA-9639-A7D2FEC3B8FC}.Release|x86.Build.0 = Release|Any CPU
	EndGlobalSection
	GlobalSection(SolutionProperties) = preSolution
		HideSolutionNode = FALSE
	EndGlobalSection
EndGlobal
